
Microsoft Visual Studio Solution File, Format Version 12.00
# Visual Studio 2012
Project("{8BC9CEB8-8B4A-11D0-8D11-00A0C91BC942}") = "lab_10", "lab_10\lab_10.vcxproj", "{487EFC69-E350-4A37-A3C6-D9985BF9F160}"
EndProject
Global
	GlobalSection(SolutionConfigurationPlatforms) = preSolution
		Debug|Win32 = Debug|Win32
		Release|Win32 = Release|Win32
	EndGlobalSection
	GlobalSection(ProjectConfigurationPlatforms) = postSolution
		{487EFC69-E350-4A37-A3C6-D9985BF9F160}.Debug|Win32.ActiveCfg = Debug|Win32
		{487EFC69-E350-4A37-A3C6-D9985BF9F160}.Debug|Win32.Build.0 = Debug|Win32
		{487EFC69-E350-4A37-A3C6-D9985BF9F160}.Release|Win32.ActiveCfg = Release|Win32
		{487EFC69-E350-4A37-A3C6-D9985BF9F160}.Release|Win32.Build.0 = Release|Win32
	EndGlobalSection
	GlobalSection(SolutionProperties) = preSolution
		HideSolutionNode = FALSE
	EndGlobalSection
EndGlobal
