
Microsoft Visual Studio Solution File, Format Version 12.00
# Visual Studio 2012
Project("{8BC9CEB8-8B4A-11D0-8D11-00A0C91BC942}") = "lab11", "lab11\lab11.vcxproj", "{669132AA-0F7F-40AA-B48F-986D3EE93CC0}"
EndProject
Global
	GlobalSection(SolutionConfigurationPlatforms) = preSolution
		Debug|Win32 = Debug|Win32
		Release|Win32 = Release|Win32
	EndGlobalSection
	GlobalSection(ProjectConfigurationPlatforms) = postSolution
		{669132AA-0F7F-40AA-B48F-986D3EE93CC0}.Debug|Win32.ActiveCfg = Debug|Win32
		{669132AA-0F7F-40AA-B48F-986D3EE93CC0}.Debug|Win32.Build.0 = Debug|Win32
		{669132AA-0F7F-40AA-B48F-986D3EE93CC0}.Release|Win32.ActiveCfg = Release|Win32
		{669132AA-0F7F-40AA-B48F-986D3EE93CC0}.Release|Win32.Build.0 = Release|Win32
	EndGlobalSection
	GlobalSection(SolutionProperties) = preSolution
		HideSolutionNode = FALSE
	EndGlobalSection
EndGlobal
